<Solution>
  <Project Path="MRoessler.BlazorBottomSheet/MRoessler.BlazorBottomSheet.csproj" />
  <Project Path="Sample.RazorComponents/Sample.RazorComponents.csproj" />
  <Project Path="Sample.WebApp/Sample.WebApp.csproj" />
  <Project Path="Sample.Wasm/Sample.Wasm.csproj" />
  <Project Path="Sample.Test/Sample.Test.csproj" />
</Solution>
