<Solution>
  <Project Path="MRoessler.BlazorBottomSheet/MRoessler.BlazorBottomSheet.csproj" />
  <Project Path="MRoessler.BlazorBottomSheet.Sample/MRoessler.BlazorBottomSheet.Sample.csproj" />
  <Project Path="MRoessler.BlazorBottomSheet.Sample.Test/MRoessler.BlazorBottomSheet.Sample.Test.csproj" />
</Solution>
